# THIS IS AN AUTOGENERATED FILE. DO NOT EDIT THIS FILE DIRECTLY.
# yarn lockfile v1


"@types/node@^16.11.4":
  version "16.11.4"
  resolved "https://registry.yarnpkg.com/@types/node/-/node-16.11.4.tgz#90771124822d6663814f7c1c9b45a6654d8fd964"
  integrity sha512-TMgXmy0v2xWyuCSCJM6NCna2snndD8yvQF67J29ipdzMcsPa9u+o0tjF5+EQNdhcuZplYuouYqpc4zcd5I6amQ==
